[[tools.dotnet]]
version = "8.0.414"
backend = "asdf:dotnet"

[[tools.go]]
version = "1.24.7"
backend = "core:go"

[tools.go.platforms.linux-x64]
checksum = "sha256:da18191ddb7db8a9339816f3e2b54bdded8047cdc2a5d67059478f8d1595c43f"
size = 78584952
url = "https://dl.google.com/go/go1.24.7.linux-amd64.tar.gz"

[[tools."go:github.com/pulumi/pulumictl/cmd/pulumictl"]]
version = "0.0.50"
backend = "go:github.com/pulumi/pulumictl/cmd/pulumictl"

[[tools.gradle]]
version = "7.6.6"
backend = "aqua:gradle/gradle"

[[tools.java]]
version = "corretto-11.0.28.6.1"
backend = "core:java"

[[tools.node]]
version = "20.19.5"
backend = "core:node"

[[tools.pulumi]]
version = "3.175.0"
backend = "aqua:pulumi/pulumi"

[tools.pulumi.platforms.linux-x64]
checksum = "sha512:72bd9e201c81554ebf1edc72dc216a912d2c762d474a4c5d7ac0cbf896b7671bb065d7a8202006ef1bddd2f8b9c30cc541d8e3ca5c5d15d636bbabcd2c858664"
size = 91289993
url = "https://github.com/pulumi/pulumi/releases/download/v3.175.0/pulumi-v3.175.0-linux-x64.tar.gz"

[[tools.python]]
version = "3.11.8"
backend = "core:python"
